
Microsoft Visual Studio Solution File, Format Version 12.00
# Visual Studio 15
VisualStudioVersion = 15.0.26730.16
MinimumVisualStudioVersion = 10.0.40219.1
Project("{FAE04EC0-301F-11D3-BF4B-00C04F79EFBC}") = "task-1", "task-1\task-1.csproj", "{C9FBE99B-9C55-4967-AC26-130589E86808}"
EndProject
Global
	GlobalSection(SolutionConfigurationPlatforms) = preSolution
		Debug|Any CPU = Debug|Any CPU
		Release|Any CPU = Release|Any CPU
	EndGlobalSection
	GlobalSection(ProjectConfigurationPlatforms) = postSolution
		{C9FBE99B-9C55-4967-AC26-130589E86808}.Debug|Any CPU.ActiveCfg = Debug|Any CPU
		{C9FBE99B-9C55-4967-AC26-130589E86808}.Debug|Any CPU.Build.0 = Debug|Any CPU
		{C9FBE99B-9C55-4967-AC26-130589E86808}.Release|Any CPU.ActiveCfg = Release|Any CPU
		{C9FBE99B-9C55-4967-AC26-130589E86808}.Release|Any CPU.Build.0 = Release|Any CPU
	EndGlobalSection
	GlobalSection(SolutionProperties) = preSolution
		HideSolutionNode = FALSE
	EndGlobalSection
	GlobalSection(ExtensibilityGlobals) = postSolution
		SolutionGuid = {99F1E62C-4752-4971-AA9B-91BECF3134D5}
	EndGlobalSection
EndGlobal
