
Microsoft Visual Studio Solution File, Format Version 12.00
# Visual Studio 15
VisualStudioVersion = 15.0.26730.16
MinimumVisualStudioVersion = 10.0.40219.1
Project("{9A19103F-16F7-4668-BE54-9A1E7A4F7556}") = "task-1", "task-1\task-1.csproj", "{1BE16F83-4768-4DE8-B117-61A22000D9E5}"
EndProject
Project("{9A19103F-16F7-4668-BE54-9A1E7A4F7556}") = "task-2", "task-2\task-2.csproj", "{A29CF3BD-3CCE-406B-9F48-215B11CEFBC0}"
EndProject
Project("{9A19103F-16F7-4668-BE54-9A1E7A4F7556}") = "task-3", "task-3\task-3.csproj", "{3BF04C1B-B976-4F41-B6EC-4C2F23EEE553}"
EndProject
Project("{9A19103F-16F7-4668-BE54-9A1E7A4F7556}") = "task-4", "task-4\task-4.csproj", "{F3150A11-826C-4C66-8990-36E5F19E2094}"
EndProject
Global
	GlobalSection(SolutionConfigurationPlatforms) = preSolution
		Debug|Any CPU = Debug|Any CPU
		Release|Any CPU = Release|Any CPU
	EndGlobalSection
	GlobalSection(ProjectConfigurationPlatforms) = postSolution
		{1BE16F83-4768-4DE8-B117-61A22000D9E5}.Debug|Any CPU.ActiveCfg = Debug|Any CPU
		{1BE16F83-4768-4DE8-B117-61A22000D9E5}.Debug|Any CPU.Build.0 = Debug|Any CPU
		{1BE16F83-4768-4DE8-B117-61A22000D9E5}.Release|Any CPU.ActiveCfg = Release|Any CPU
		{1BE16F83-4768-4DE8-B117-61A22000D9E5}.Release|Any CPU.Build.0 = Release|Any CPU
		{A29CF3BD-3CCE-406B-9F48-215B11CEFBC0}.Debug|Any CPU.ActiveCfg = Debug|Any CPU
		{A29CF3BD-3CCE-406B-9F48-215B11CEFBC0}.Debug|Any CPU.Build.0 = Debug|Any CPU
		{A29CF3BD-3CCE-406B-9F48-215B11CEFBC0}.Release|Any CPU.ActiveCfg = Release|Any CPU
		{A29CF3BD-3CCE-406B-9F48-215B11CEFBC0}.Release|Any CPU.Build.0 = Release|Any CPU
		{3BF04C1B-B976-4F41-B6EC-4C2F23EEE553}.Debug|Any CPU.ActiveCfg = Debug|Any CPU
		{3BF04C1B-B976-4F41-B6EC-4C2F23EEE553}.Debug|Any CPU.Build.0 = Debug|Any CPU
		{3BF04C1B-B976-4F41-B6EC-4C2F23EEE553}.Release|Any CPU.ActiveCfg = Release|Any CPU
		{3BF04C1B-B976-4F41-B6EC-4C2F23EEE553}.Release|Any CPU.Build.0 = Release|Any CPU
		{F3150A11-826C-4C66-8990-36E5F19E2094}.Debug|Any CPU.ActiveCfg = Debug|Any CPU
		{F3150A11-826C-4C66-8990-36E5F19E2094}.Debug|Any CPU.Build.0 = Debug|Any CPU
		{F3150A11-826C-4C66-8990-36E5F19E2094}.Release|Any CPU.ActiveCfg = Release|Any CPU
		{F3150A11-826C-4C66-8990-36E5F19E2094}.Release|Any CPU.Build.0 = Release|Any CPU
	EndGlobalSection
	GlobalSection(SolutionProperties) = preSolution
		HideSolutionNode = FALSE
	EndGlobalSection
	GlobalSection(ExtensibilityGlobals) = postSolution
		SolutionGuid = {4FA4F1A3-B170-4C64-9B6A-F76FB3833791}
	EndGlobalSection
EndGlobal
