
Microsoft Visual Studio Solution File, Format Version 12.00
# Visual Studio 15
VisualStudioVersion = 15.0.26730.16
MinimumVisualStudioVersion = 10.0.40219.1
Project("{9A19103F-16F7-4668-BE54-9A1E7A4F7556}") = "task-4", "task-4\task-4.csproj", "{92F97380-2D71-46AC-9F4A-4A9BFF087DCE}"
EndProject
Project("{9A19103F-16F7-4668-BE54-9A1E7A4F7556}") = "task-1", "task-1\task-1.csproj", "{F92B54EB-0392-427C-AEBF-5955D96AD979}"
EndProject
Project("{9A19103F-16F7-4668-BE54-9A1E7A4F7556}") = "task-2", "task-2\task-2.csproj", "{E3CA9DC2-2257-4EC3-894E-1EFDB619C808}"
EndProject
Project("{FAE04EC0-301F-11D3-BF4B-00C04F79EFBC}") = "task-3", "task-3\task-3.csproj", "{AE671094-5FE0-4D1E-B070-0F120B0FEFC2}"
EndProject
Global
	GlobalSection(SolutionConfigurationPlatforms) = preSolution
		Debug|Any CPU = Debug|Any CPU
		Release|Any CPU = Release|Any CPU
	EndGlobalSection
	GlobalSection(ProjectConfigurationPlatforms) = postSolution
		{92F97380-2D71-46AC-9F4A-4A9BFF087DCE}.Debug|Any CPU.ActiveCfg = Debug|Any CPU
		{92F97380-2D71-46AC-9F4A-4A9BFF087DCE}.Debug|Any CPU.Build.0 = Debug|Any CPU
		{92F97380-2D71-46AC-9F4A-4A9BFF087DCE}.Release|Any CPU.ActiveCfg = Release|Any CPU
		{92F97380-2D71-46AC-9F4A-4A9BFF087DCE}.Release|Any CPU.Build.0 = Release|Any CPU
		{F92B54EB-0392-427C-AEBF-5955D96AD979}.Debug|Any CPU.ActiveCfg = Debug|Any CPU
		{F92B54EB-0392-427C-AEBF-5955D96AD979}.Debug|Any CPU.Build.0 = Debug|Any CPU
		{F92B54EB-0392-427C-AEBF-5955D96AD979}.Release|Any CPU.ActiveCfg = Release|Any CPU
		{F92B54EB-0392-427C-AEBF-5955D96AD979}.Release|Any CPU.Build.0 = Release|Any CPU
		{E3CA9DC2-2257-4EC3-894E-1EFDB619C808}.Debug|Any CPU.ActiveCfg = Debug|Any CPU
		{E3CA9DC2-2257-4EC3-894E-1EFDB619C808}.Debug|Any CPU.Build.0 = Debug|Any CPU
		{E3CA9DC2-2257-4EC3-894E-1EFDB619C808}.Release|Any CPU.ActiveCfg = Release|Any CPU
		{E3CA9DC2-2257-4EC3-894E-1EFDB619C808}.Release|Any CPU.Build.0 = Release|Any CPU
		{AE671094-5FE0-4D1E-B070-0F120B0FEFC2}.Debug|Any CPU.ActiveCfg = Debug|Any CPU
		{AE671094-5FE0-4D1E-B070-0F120B0FEFC2}.Debug|Any CPU.Build.0 = Debug|Any CPU
		{AE671094-5FE0-4D1E-B070-0F120B0FEFC2}.Release|Any CPU.ActiveCfg = Release|Any CPU
		{AE671094-5FE0-4D1E-B070-0F120B0FEFC2}.Release|Any CPU.Build.0 = Release|Any CPU
	EndGlobalSection
	GlobalSection(SolutionProperties) = preSolution
		HideSolutionNode = FALSE
	EndGlobalSection
	GlobalSection(ExtensibilityGlobals) = postSolution
		SolutionGuid = {CC124FCD-0499-4D1F-B2B5-8FD389D587FC}
	EndGlobalSection
EndGlobal
