
Microsoft Visual Studio Solution File, Format Version 12.00
# Visual Studio 15
VisualStudioVersion = 15.0.26730.16
MinimumVisualStudioVersion = 10.0.40219.1
Project("{9A19103F-16F7-4668-BE54-9A1E7A4F7556}") = "task-1", "task-1\task-1.csproj", "{6544C7E5-3870-463E-962F-03170088F129}"
EndProject
Project("{FAE04EC0-301F-11D3-BF4B-00C04F79EFBC}") = "task-2", "task-2\task-2.csproj", "{D805B14D-6307-4986-99E1-DE774CC14878}"
EndProject
Project("{FAE04EC0-301F-11D3-BF4B-00C04F79EFBC}") = "task-3", "task-3\task-3.csproj", "{D67411D1-B875-4806-91DF-6AFBEF20A31A}"
EndProject
Global
	GlobalSection(SolutionConfigurationPlatforms) = preSolution
		Debug|Any CPU = Debug|Any CPU
		Release|Any CPU = Release|Any CPU
	EndGlobalSection
	GlobalSection(ProjectConfigurationPlatforms) = postSolution
		{6544C7E5-3870-463E-962F-03170088F129}.Debug|Any CPU.ActiveCfg = Debug|Any CPU
		{6544C7E5-3870-463E-962F-03170088F129}.Debug|Any CPU.Build.0 = Debug|Any CPU
		{6544C7E5-3870-463E-962F-03170088F129}.Release|Any CPU.ActiveCfg = Release|Any CPU
		{6544C7E5-3870-463E-962F-03170088F129}.Release|Any CPU.Build.0 = Release|Any CPU
		{D805B14D-6307-4986-99E1-DE774CC14878}.Debug|Any CPU.ActiveCfg = Debug|Any CPU
		{D805B14D-6307-4986-99E1-DE774CC14878}.Debug|Any CPU.Build.0 = Debug|Any CPU
		{D805B14D-6307-4986-99E1-DE774CC14878}.Release|Any CPU.ActiveCfg = Release|Any CPU
		{D805B14D-6307-4986-99E1-DE774CC14878}.Release|Any CPU.Build.0 = Release|Any CPU
		{D67411D1-B875-4806-91DF-6AFBEF20A31A}.Debug|Any CPU.ActiveCfg = Debug|Any CPU
		{D67411D1-B875-4806-91DF-6AFBEF20A31A}.Debug|Any CPU.Build.0 = Debug|Any CPU
		{D67411D1-B875-4806-91DF-6AFBEF20A31A}.Release|Any CPU.ActiveCfg = Release|Any CPU
		{D67411D1-B875-4806-91DF-6AFBEF20A31A}.Release|Any CPU.Build.0 = Release|Any CPU
	EndGlobalSection
	GlobalSection(SolutionProperties) = preSolution
		HideSolutionNode = FALSE
	EndGlobalSection
	GlobalSection(ExtensibilityGlobals) = postSolution
		SolutionGuid = {0A19A231-F43F-4F6E-891A-9D7BFF95C558}
	EndGlobalSection
EndGlobal
